
Microsoft Visual Studio Solution File, Format Version 11.00
# Visual Studio 2010
Project("{FAE04EC0-301F-11D3-BF4B-00C04F79EFBC}") = "Edge.Processes.DirectoryWatcher", "..\..\edge-processes\Edge.Processes.DirectoryWatcher\trunk\Edge.Processes.DirectoryWatcher.csproj", "{FB21EF04-FB87-484C-B15E-DCEBD1185977}"
EndProject
Project("{2150E333-8FDC-42A3-9474-1A3956D46DE8}") = "Processes", "Processes", "{15ED0FCA-3010-48A6-BFAB-B6CFB73F51D6}"
EndProject
Project("{FAE04EC0-301F-11D3-BF4B-00C04F79EFBC}") = "Build", "Build\Build.csproj", "{7466FD20-A838-4359-8620-273FDE4E5470}"
EndProject
Project("{2150E333-8FDC-42A3-9474-1A3956D46DE8}") = "Framework", "Framework", "{C189BDEB-6AB0-47E4-9C74-52EEBA62BDDE}"
EndProject
Project("{FAE04EC0-301F-11D3-BF4B-00C04F79EFBC}") = "Edge.Core", "..\..\edge-framework\Edge.Core\trunk\Edge.Core.csproj", "{AD4B53AD-B28A-4E90-9483-D2F7C8E6D436}"
EndProject
Global
	GlobalSection(SolutionConfigurationPlatforms) = preSolution
		DebubNewScheduling|Any CPU = DebubNewScheduling|Any CPU
		DebubNewScheduling|x86 = DebubNewScheduling|x86
		Debug|Any CPU = Debug|Any CPU
		Debug|x86 = Debug|x86
		Edge|Any CPU = Edge|Any CPU
		Edge|x86 = Edge|x86
		Release|Any CPU = Release|Any CPU
		Release|x86 = Release|x86
		Seperia|Any CPU = Seperia|Any CPU
		Seperia|x86 = Seperia|x86
	EndGlobalSection
	GlobalSection(ProjectConfigurationPlatforms) = postSolution
		{FB21EF04-FB87-484C-B15E-DCEBD1185977}.DebubNewScheduling|Any CPU.ActiveCfg = Debug|Any CPU
		{FB21EF04-FB87-484C-B15E-DCEBD1185977}.DebubNewScheduling|Any CPU.Build.0 = Debug|Any CPU
		{FB21EF04-FB87-484C-B15E-DCEBD1185977}.DebubNewScheduling|x86.ActiveCfg = Debug|Any CPU
		{FB21EF04-FB87-484C-B15E-DCEBD1185977}.Debug|Any CPU.ActiveCfg = Debug|Any CPU
		{FB21EF04-FB87-484C-B15E-DCEBD1185977}.Debug|Any CPU.Build.0 = Debug|Any CPU
		{FB21EF04-FB87-484C-B15E-DCEBD1185977}.Debug|x86.ActiveCfg = Debug|Any CPU
		{FB21EF04-FB87-484C-B15E-DCEBD1185977}.Edge|Any CPU.ActiveCfg = Seperia|Any CPU
		{FB21EF04-FB87-484C-B15E-DCEBD1185977}.Edge|Any CPU.Build.0 = Seperia|Any CPU
		{FB21EF04-FB87-484C-B15E-DCEBD1185977}.Edge|x86.ActiveCfg = Seperia|Any CPU
		{FB21EF04-FB87-484C-B15E-DCEBD1185977}.Release|Any CPU.ActiveCfg = Seperia|Any CPU
		{FB21EF04-FB87-484C-B15E-DCEBD1185977}.Release|Any CPU.Build.0 = Seperia|Any CPU
		{FB21EF04-FB87-484C-B15E-DCEBD1185977}.Release|x86.ActiveCfg = Seperia|Any CPU
		{FB21EF04-FB87-484C-B15E-DCEBD1185977}.Seperia|Any CPU.ActiveCfg = Seperia|Any CPU
		{FB21EF04-FB87-484C-B15E-DCEBD1185977}.Seperia|Any CPU.Build.0 = Seperia|Any CPU
		{FB21EF04-FB87-484C-B15E-DCEBD1185977}.Seperia|x86.ActiveCfg = Seperia|Any CPU
		{7466FD20-A838-4359-8620-273FDE4E5470}.DebubNewScheduling|Any CPU.ActiveCfg = Seperia|Any CPU
		{7466FD20-A838-4359-8620-273FDE4E5470}.DebubNewScheduling|Any CPU.Build.0 = Seperia|Any CPU
		{7466FD20-A838-4359-8620-273FDE4E5470}.DebubNewScheduling|x86.ActiveCfg = Seperia|Any CPU
		{7466FD20-A838-4359-8620-273FDE4E5470}.Debug|Any CPU.ActiveCfg = Seperia|Any CPU
		{7466FD20-A838-4359-8620-273FDE4E5470}.Debug|Any CPU.Build.0 = Seperia|Any CPU
		{7466FD20-A838-4359-8620-273FDE4E5470}.Debug|x86.ActiveCfg = Seperia|Any CPU
		{7466FD20-A838-4359-8620-273FDE4E5470}.Edge|Any CPU.ActiveCfg = Seperia|Any CPU
		{7466FD20-A838-4359-8620-273FDE4E5470}.Edge|Any CPU.Build.0 = Seperia|Any CPU
		{7466FD20-A838-4359-8620-273FDE4E5470}.Edge|x86.ActiveCfg = Seperia|Any CPU
		{7466FD20-A838-4359-8620-273FDE4E5470}.Release|Any CPU.ActiveCfg = Seperia|Any CPU
		{7466FD20-A838-4359-8620-273FDE4E5470}.Release|Any CPU.Build.0 = Seperia|Any CPU
		{7466FD20-A838-4359-8620-273FDE4E5470}.Release|x86.ActiveCfg = Seperia|Any CPU
		{7466FD20-A838-4359-8620-273FDE4E5470}.Seperia|Any CPU.ActiveCfg = Seperia|Any CPU
		{7466FD20-A838-4359-8620-273FDE4E5470}.Seperia|Any CPU.Build.0 = Seperia|Any CPU
		{7466FD20-A838-4359-8620-273FDE4E5470}.Seperia|x86.ActiveCfg = Seperia|Any CPU
		{AD4B53AD-B28A-4E90-9483-D2F7C8E6D436}.DebubNewScheduling|Any CPU.ActiveCfg = Debug|Any CPU
		{AD4B53AD-B28A-4E90-9483-D2F7C8E6D436}.DebubNewScheduling|Any CPU.Build.0 = Debug|Any CPU
		{AD4B53AD-B28A-4E90-9483-D2F7C8E6D436}.DebubNewScheduling|x86.ActiveCfg = Debug|Any CPU
		{AD4B53AD-B28A-4E90-9483-D2F7C8E6D436}.Debug|Any CPU.ActiveCfg = Debug|Any CPU
		{AD4B53AD-B28A-4E90-9483-D2F7C8E6D436}.Debug|Any CPU.Build.0 = Debug|Any CPU
		{AD4B53AD-B28A-4E90-9483-D2F7C8E6D436}.Debug|x86.ActiveCfg = Debug|Any CPU
		{AD4B53AD-B28A-4E90-9483-D2F7C8E6D436}.Edge|Any CPU.ActiveCfg = Release|Any CPU
		{AD4B53AD-B28A-4E90-9483-D2F7C8E6D436}.Edge|Any CPU.Build.0 = Release|Any CPU
		{AD4B53AD-B28A-4E90-9483-D2F7C8E6D436}.Edge|x86.ActiveCfg = Release|Any CPU
		{AD4B53AD-B28A-4E90-9483-D2F7C8E6D436}.Release|Any CPU.ActiveCfg = Release|Any CPU
		{AD4B53AD-B28A-4E90-9483-D2F7C8E6D436}.Release|Any CPU.Build.0 = Release|Any CPU
		{AD4B53AD-B28A-4E90-9483-D2F7C8E6D436}.Release|x86.ActiveCfg = Release|Any CPU
		{AD4B53AD-B28A-4E90-9483-D2F7C8E6D436}.Seperia|Any CPU.ActiveCfg = Release|Any CPU
		{AD4B53AD-B28A-4E90-9483-D2F7C8E6D436}.Seperia|Any CPU.Build.0 = Release|Any CPU
		{AD4B53AD-B28A-4E90-9483-D2F7C8E6D436}.Seperia|x86.ActiveCfg = Release|Any CPU
	EndGlobalSection
	GlobalSection(SolutionProperties) = preSolution
		HideSolutionNode = FALSE
	EndGlobalSection
	GlobalSection(NestedProjects) = preSolution
		{FB21EF04-FB87-484C-B15E-DCEBD1185977} = {15ED0FCA-3010-48A6-BFAB-B6CFB73F51D6}
		{AD4B53AD-B28A-4E90-9483-D2F7C8E6D436} = {C189BDEB-6AB0-47E4-9C74-52EEBA62BDDE}
	EndGlobalSection
EndGlobal
