
Microsoft Visual Studio Solution File, Format Version 11.00
# Visual Studio 2010
Project("{2150E333-8FDC-42A3-9474-1A3956D46DE8}") = "Services", "Services", "{375B1764-4780-4C6C-BB0D-23F51FAA04FB}"
EndProject
Project("{FAE04EC0-301F-11D3-BF4B-00C04F79EFBC}") = "Edge.Services.AdMetrics", "..\..\Services\Edge.Services.AdMetrics\Edge.Services.AdMetrics.csproj", "{36B6740D-938E-4994-9A0D-2DCB94D032B6}"
EndProject
Project("{FAE04EC0-301F-11D3-BF4B-00C04F79EFBC}") = "Edge.Core", "..\..\Framework\Edge.Core\Edge.Core.csproj", "{AD4B53AD-B28A-4E90-9483-D2F7C8E6D436}"
EndProject
Project("{FAE04EC0-301F-11D3-BF4B-00C04F79EFBC}") = "Edge.Core.Scheduling", "..\..\Framework\Edge.Core.Scheduling\Edge.Core.Scheduling.csproj", "{E700E7AA-08B7-44C3-8889-ACB4FAF92C90}"
EndProject
Project("{2150E333-8FDC-42A3-9474-1A3956D46DE8}") = "Framework", "Framework", "{F9074B4D-5197-40BF-85B6-B498740C818B}"
EndProject
Project("{FAE04EC0-301F-11D3-BF4B-00C04F79EFBC}") = "Edge.Data.Pipeline", "..\..\Framework\Edge.Data.Pipeline\Edge.Data.Pipeline.csproj", "{53391A99-E8CA-4262-A8E0-5F05A1CC6608}"
EndProject
Project("{FAE04EC0-301F-11D3-BF4B-00C04F79EFBC}") = "Edge.Applications.TempScheduler", "..\..\Utilities\Edge.Applications.TempScheduler\Edge.Applications.TempScheduler.csproj", "{1C3E1103-65B9-48D0-8583-A38B0AD6E771}"
EndProject
Project("{FAE04EC0-301F-11D3-BF4B-00C04F79EFBC}") = "Build Services", "Build Services\Build Services.csproj", "{7466FD20-A838-4359-8620-273FDE4E5470}"
EndProject
Project("{FAE04EC0-301F-11D3-BF4B-00C04F79EFBC}") = "Edge.Services.Facebook.GraphApi", "..\..\Services\Edge.Services.Facebook.GraphApi\Edge.Services.Facebook.GraphApi.csproj", "{0CA66633-F417-4724-9FC5-5F8C6E1D72B5}"
EndProject
Project("{FAE04EC0-301F-11D3-BF4B-00C04F79EFBC}") = "Edge.Services.SegmentMetrics", "..\..\Services\Edge.Services.SegmentMetrics\Edge.Services.SegmentMetrics.csproj", "{90C8D5F3-B580-41C4-9567-E06B14772D24}"
EndProject
Project("{FAE04EC0-301F-11D3-BF4B-00C04F79EFBC}") = "Edge.Services.SegmentMetrics.Validations", "..\..\Services\Edge.Services.SegmentMetrics.Validations\Edge.Services.SegmentMetrics.Validations.csproj", "{7CBBE059-4A66-4DFF-81C7-EDA1D7094218}"
EndProject
Project("{FAE04EC0-301F-11D3-BF4B-00C04F79EFBC}") = "Edge.Services.BackOffice.EasyForex", "..\..\Services\Edge.Services.BackOffice.EasyForex\Edge.Services.BackOffice.EasyForex.csproj", "{E87CD0B6-873B-43D2-88DB-BC2D7C56F09E}"
EndProject
Project("{FAE04EC0-301F-11D3-BF4B-00C04F79EFBC}") = "Edge.Services.Microsoft.AdCenter", "..\..\Services\Edge.Services.Microsoft.AdCenter\Edge.Services.Microsoft.AdCenter.csproj", "{C73E557C-2B70-4040-9FA5-5AA2C0A95717}"
EndProject
Project("{FAE04EC0-301F-11D3-BF4B-00C04F79EFBC}") = "Edge.Services.Google.AdWords.V201109", "..\..\Services\Edge.Services.Google.Adwords.V201109\Edge.Services.Google.AdWords.V201109.csproj", "{DFC1976B-10A9-4E74-8C61-48FA5732766E}"
EndProject
Project("{FAE04EC0-301F-11D3-BF4B-00C04F79EFBC}") = "Edge.Services.BackOffice.Generic", "..\..\Services\Edge.Services.BackOffice.Generic\Edge.Services.BackOffice.Generic.csproj", "{2AAA976A-3BE0-4A44-9A74-6406C02E1BB8}"
EndProject
Project("{FAE04EC0-301F-11D3-BF4B-00C04F79EFBC}") = "Edge.Services.FTP", "..\..\Services\Edge.Services.FTP\Edge.Services.FTP.csproj", "{632805D5-EF7D-4741-B161-6693EC75938B}"
EndProject
Project("{FAE04EC0-301F-11D3-BF4B-00C04F79EFBC}") = "Edge.Services.AdMetrics.Validations", "..\..\Services\Edge.Services.AdMetrics.Validations\Edge.Services.AdMetrics.Validations.csproj", "{C6504C8B-C482-41B9-BC6E-BEF92AF9D6FE}"
EndProject
Global
	GlobalSection(SolutionConfigurationPlatforms) = preSolution
		Edge.BI|Any CPU = Edge.BI|Any CPU
		Edge.BI|Mixed Platforms = Edge.BI|Mixed Platforms
		Edge.BI|x86 = Edge.BI|x86
		Seperia|Any CPU = Seperia|Any CPU
		Seperia|Mixed Platforms = Seperia|Mixed Platforms
		Seperia|x86 = Seperia|x86
	EndGlobalSection
	GlobalSection(ProjectConfigurationPlatforms) = postSolution
		{36B6740D-938E-4994-9A0D-2DCB94D032B6}.Edge.BI|Any CPU.ActiveCfg = Release|Any CPU
		{36B6740D-938E-4994-9A0D-2DCB94D032B6}.Edge.BI|Any CPU.Build.0 = Release|Any CPU
		{36B6740D-938E-4994-9A0D-2DCB94D032B6}.Edge.BI|Mixed Platforms.ActiveCfg = Debug|Any CPU
		{36B6740D-938E-4994-9A0D-2DCB94D032B6}.Edge.BI|Mixed Platforms.Build.0 = Debug|Any CPU
		{36B6740D-938E-4994-9A0D-2DCB94D032B6}.Edge.BI|x86.ActiveCfg = Debug|Any CPU
		{36B6740D-938E-4994-9A0D-2DCB94D032B6}.Seperia|Any CPU.ActiveCfg = Release|Any CPU
		{36B6740D-938E-4994-9A0D-2DCB94D032B6}.Seperia|Any CPU.Build.0 = Release|Any CPU
		{36B6740D-938E-4994-9A0D-2DCB94D032B6}.Seperia|Mixed Platforms.ActiveCfg = Release|Any CPU
		{36B6740D-938E-4994-9A0D-2DCB94D032B6}.Seperia|Mixed Platforms.Build.0 = Release|Any CPU
		{36B6740D-938E-4994-9A0D-2DCB94D032B6}.Seperia|x86.ActiveCfg = Release|Any CPU
		{AD4B53AD-B28A-4E90-9483-D2F7C8E6D436}.Edge.BI|Any CPU.ActiveCfg = Release|Any CPU
		{AD4B53AD-B28A-4E90-9483-D2F7C8E6D436}.Edge.BI|Any CPU.Build.0 = Release|Any CPU
		{AD4B53AD-B28A-4E90-9483-D2F7C8E6D436}.Edge.BI|Mixed Platforms.ActiveCfg = Debug|Any CPU
		{AD4B53AD-B28A-4E90-9483-D2F7C8E6D436}.Edge.BI|Mixed Platforms.Build.0 = Debug|Any CPU
		{AD4B53AD-B28A-4E90-9483-D2F7C8E6D436}.Edge.BI|x86.ActiveCfg = Debug|Any CPU
		{AD4B53AD-B28A-4E90-9483-D2F7C8E6D436}.Seperia|Any CPU.ActiveCfg = Release|Any CPU
		{AD4B53AD-B28A-4E90-9483-D2F7C8E6D436}.Seperia|Any CPU.Build.0 = Release|Any CPU
		{AD4B53AD-B28A-4E90-9483-D2F7C8E6D436}.Seperia|Mixed Platforms.ActiveCfg = Release|Any CPU
		{AD4B53AD-B28A-4E90-9483-D2F7C8E6D436}.Seperia|Mixed Platforms.Build.0 = Release|Any CPU
		{AD4B53AD-B28A-4E90-9483-D2F7C8E6D436}.Seperia|x86.ActiveCfg = Release|Any CPU
		{E700E7AA-08B7-44C3-8889-ACB4FAF92C90}.Edge.BI|Any CPU.ActiveCfg = Release|Any CPU
		{E700E7AA-08B7-44C3-8889-ACB4FAF92C90}.Edge.BI|Any CPU.Build.0 = Release|Any CPU
		{E700E7AA-08B7-44C3-8889-ACB4FAF92C90}.Edge.BI|Mixed Platforms.ActiveCfg = Debug|Any CPU
		{E700E7AA-08B7-44C3-8889-ACB4FAF92C90}.Edge.BI|Mixed Platforms.Build.0 = Debug|Any CPU
		{E700E7AA-08B7-44C3-8889-ACB4FAF92C90}.Edge.BI|x86.ActiveCfg = Debug|Any CPU
		{E700E7AA-08B7-44C3-8889-ACB4FAF92C90}.Seperia|Any CPU.ActiveCfg = Release|Any CPU
		{E700E7AA-08B7-44C3-8889-ACB4FAF92C90}.Seperia|Any CPU.Build.0 = Release|Any CPU
		{E700E7AA-08B7-44C3-8889-ACB4FAF92C90}.Seperia|Mixed Platforms.ActiveCfg = Release|Any CPU
		{E700E7AA-08B7-44C3-8889-ACB4FAF92C90}.Seperia|Mixed Platforms.Build.0 = Release|Any CPU
		{E700E7AA-08B7-44C3-8889-ACB4FAF92C90}.Seperia|x86.ActiveCfg = Release|Any CPU
		{53391A99-E8CA-4262-A8E0-5F05A1CC6608}.Edge.BI|Any CPU.ActiveCfg = Release|Any CPU
		{53391A99-E8CA-4262-A8E0-5F05A1CC6608}.Edge.BI|Any CPU.Build.0 = Release|Any CPU
		{53391A99-E8CA-4262-A8E0-5F05A1CC6608}.Edge.BI|Mixed Platforms.ActiveCfg = Debug|Any CPU
		{53391A99-E8CA-4262-A8E0-5F05A1CC6608}.Edge.BI|Mixed Platforms.Build.0 = Debug|Any CPU
		{53391A99-E8CA-4262-A8E0-5F05A1CC6608}.Edge.BI|x86.ActiveCfg = Debug|Any CPU
		{53391A99-E8CA-4262-A8E0-5F05A1CC6608}.Seperia|Any CPU.ActiveCfg = Release|Any CPU
		{53391A99-E8CA-4262-A8E0-5F05A1CC6608}.Seperia|Any CPU.Build.0 = Release|Any CPU
		{53391A99-E8CA-4262-A8E0-5F05A1CC6608}.Seperia|Mixed Platforms.ActiveCfg = Release|Any CPU
		{53391A99-E8CA-4262-A8E0-5F05A1CC6608}.Seperia|Mixed Platforms.Build.0 = Release|Any CPU
		{53391A99-E8CA-4262-A8E0-5F05A1CC6608}.Seperia|x86.ActiveCfg = Release|Any CPU
		{1C3E1103-65B9-48D0-8583-A38B0AD6E771}.Edge.BI|Any CPU.ActiveCfg = Release|Any CPU
		{1C3E1103-65B9-48D0-8583-A38B0AD6E771}.Edge.BI|Any CPU.Build.0 = Release|Any CPU
		{1C3E1103-65B9-48D0-8583-A38B0AD6E771}.Edge.BI|Mixed Platforms.ActiveCfg = Debug|Any CPU
		{1C3E1103-65B9-48D0-8583-A38B0AD6E771}.Edge.BI|Mixed Platforms.Build.0 = Debug|Any CPU
		{1C3E1103-65B9-48D0-8583-A38B0AD6E771}.Edge.BI|x86.ActiveCfg = Debug|Any CPU
		{1C3E1103-65B9-48D0-8583-A38B0AD6E771}.Seperia|Any CPU.ActiveCfg = Release|Any CPU
		{1C3E1103-65B9-48D0-8583-A38B0AD6E771}.Seperia|Any CPU.Build.0 = Release|Any CPU
		{1C3E1103-65B9-48D0-8583-A38B0AD6E771}.Seperia|Mixed Platforms.ActiveCfg = Release|Any CPU
		{1C3E1103-65B9-48D0-8583-A38B0AD6E771}.Seperia|Mixed Platforms.Build.0 = Release|Any CPU
		{1C3E1103-65B9-48D0-8583-A38B0AD6E771}.Seperia|x86.ActiveCfg = Release|Any CPU
		{7466FD20-A838-4359-8620-273FDE4E5470}.Edge.BI|Any CPU.ActiveCfg = Edge|Any CPU
		{7466FD20-A838-4359-8620-273FDE4E5470}.Edge.BI|Any CPU.Build.0 = Edge|Any CPU
		{7466FD20-A838-4359-8620-273FDE4E5470}.Edge.BI|Mixed Platforms.ActiveCfg = Seperia|Any CPU
		{7466FD20-A838-4359-8620-273FDE4E5470}.Edge.BI|Mixed Platforms.Build.0 = Seperia|Any CPU
		{7466FD20-A838-4359-8620-273FDE4E5470}.Edge.BI|x86.ActiveCfg = Seperia|Any CPU
		{7466FD20-A838-4359-8620-273FDE4E5470}.Seperia|Any CPU.ActiveCfg = Seperia|Any CPU
		{7466FD20-A838-4359-8620-273FDE4E5470}.Seperia|Any CPU.Build.0 = Seperia|Any CPU
		{7466FD20-A838-4359-8620-273FDE4E5470}.Seperia|Mixed Platforms.ActiveCfg = Seperia|Any CPU
		{7466FD20-A838-4359-8620-273FDE4E5470}.Seperia|Mixed Platforms.Build.0 = Seperia|Any CPU
		{7466FD20-A838-4359-8620-273FDE4E5470}.Seperia|x86.ActiveCfg = Seperia|Any CPU
		{0CA66633-F417-4724-9FC5-5F8C6E1D72B5}.Edge.BI|Any CPU.ActiveCfg = Release|Any CPU
		{0CA66633-F417-4724-9FC5-5F8C6E1D72B5}.Edge.BI|Any CPU.Build.0 = Release|Any CPU
		{0CA66633-F417-4724-9FC5-5F8C6E1D72B5}.Edge.BI|Mixed Platforms.ActiveCfg = Debug|Any CPU
		{0CA66633-F417-4724-9FC5-5F8C6E1D72B5}.Edge.BI|Mixed Platforms.Build.0 = Debug|Any CPU
		{0CA66633-F417-4724-9FC5-5F8C6E1D72B5}.Edge.BI|x86.ActiveCfg = Debug|Any CPU
		{0CA66633-F417-4724-9FC5-5F8C6E1D72B5}.Seperia|Any CPU.ActiveCfg = Release|Any CPU
		{0CA66633-F417-4724-9FC5-5F8C6E1D72B5}.Seperia|Any CPU.Build.0 = Release|Any CPU
		{0CA66633-F417-4724-9FC5-5F8C6E1D72B5}.Seperia|Mixed Platforms.ActiveCfg = Release|Any CPU
		{0CA66633-F417-4724-9FC5-5F8C6E1D72B5}.Seperia|Mixed Platforms.Build.0 = Release|Any CPU
		{0CA66633-F417-4724-9FC5-5F8C6E1D72B5}.Seperia|x86.ActiveCfg = Release|Any CPU
		{90C8D5F3-B580-41C4-9567-E06B14772D24}.Edge.BI|Any CPU.ActiveCfg = Release|Any CPU
		{90C8D5F3-B580-41C4-9567-E06B14772D24}.Edge.BI|Any CPU.Build.0 = Release|Any CPU
		{90C8D5F3-B580-41C4-9567-E06B14772D24}.Edge.BI|Mixed Platforms.ActiveCfg = Debug|Any CPU
		{90C8D5F3-B580-41C4-9567-E06B14772D24}.Edge.BI|Mixed Platforms.Build.0 = Debug|Any CPU
		{90C8D5F3-B580-41C4-9567-E06B14772D24}.Edge.BI|x86.ActiveCfg = Debug|Any CPU
		{90C8D5F3-B580-41C4-9567-E06B14772D24}.Seperia|Any CPU.ActiveCfg = Release|Any CPU
		{90C8D5F3-B580-41C4-9567-E06B14772D24}.Seperia|Any CPU.Build.0 = Release|Any CPU
		{90C8D5F3-B580-41C4-9567-E06B14772D24}.Seperia|Mixed Platforms.ActiveCfg = Release|Any CPU
		{90C8D5F3-B580-41C4-9567-E06B14772D24}.Seperia|Mixed Platforms.Build.0 = Release|Any CPU
		{90C8D5F3-B580-41C4-9567-E06B14772D24}.Seperia|x86.ActiveCfg = Release|Any CPU
		{7CBBE059-4A66-4DFF-81C7-EDA1D7094218}.Edge.BI|Any CPU.ActiveCfg = Release|Any CPU
		{7CBBE059-4A66-4DFF-81C7-EDA1D7094218}.Edge.BI|Any CPU.Build.0 = Release|Any CPU
		{7CBBE059-4A66-4DFF-81C7-EDA1D7094218}.Edge.BI|Mixed Platforms.ActiveCfg = Debug|Any CPU
		{7CBBE059-4A66-4DFF-81C7-EDA1D7094218}.Edge.BI|Mixed Platforms.Build.0 = Debug|Any CPU
		{7CBBE059-4A66-4DFF-81C7-EDA1D7094218}.Edge.BI|x86.ActiveCfg = Debug|Any CPU
		{7CBBE059-4A66-4DFF-81C7-EDA1D7094218}.Seperia|Any CPU.ActiveCfg = Release|Any CPU
		{7CBBE059-4A66-4DFF-81C7-EDA1D7094218}.Seperia|Any CPU.Build.0 = Release|Any CPU
		{7CBBE059-4A66-4DFF-81C7-EDA1D7094218}.Seperia|Mixed Platforms.ActiveCfg = Release|Any CPU
		{7CBBE059-4A66-4DFF-81C7-EDA1D7094218}.Seperia|Mixed Platforms.Build.0 = Release|Any CPU
		{7CBBE059-4A66-4DFF-81C7-EDA1D7094218}.Seperia|x86.ActiveCfg = Release|Any CPU
		{E87CD0B6-873B-43D2-88DB-BC2D7C56F09E}.Edge.BI|Any CPU.ActiveCfg = Release|Any CPU
		{E87CD0B6-873B-43D2-88DB-BC2D7C56F09E}.Edge.BI|Any CPU.Build.0 = Release|Any CPU
		{E87CD0B6-873B-43D2-88DB-BC2D7C56F09E}.Edge.BI|Mixed Platforms.ActiveCfg = Debug|Any CPU
		{E87CD0B6-873B-43D2-88DB-BC2D7C56F09E}.Edge.BI|Mixed Platforms.Build.0 = Debug|Any CPU
		{E87CD0B6-873B-43D2-88DB-BC2D7C56F09E}.Edge.BI|x86.ActiveCfg = Debug|Any CPU
		{E87CD0B6-873B-43D2-88DB-BC2D7C56F09E}.Seperia|Any CPU.ActiveCfg = Release|Any CPU
		{E87CD0B6-873B-43D2-88DB-BC2D7C56F09E}.Seperia|Any CPU.Build.0 = Release|Any CPU
		{E87CD0B6-873B-43D2-88DB-BC2D7C56F09E}.Seperia|Mixed Platforms.ActiveCfg = Release|Any CPU
		{E87CD0B6-873B-43D2-88DB-BC2D7C56F09E}.Seperia|Mixed Platforms.Build.0 = Release|Any CPU
		{E87CD0B6-873B-43D2-88DB-BC2D7C56F09E}.Seperia|x86.ActiveCfg = Release|Any CPU
		{C73E557C-2B70-4040-9FA5-5AA2C0A95717}.Edge.BI|Any CPU.ActiveCfg = Release|Any CPU
		{C73E557C-2B70-4040-9FA5-5AA2C0A95717}.Edge.BI|Any CPU.Build.0 = Release|Any CPU
		{C73E557C-2B70-4040-9FA5-5AA2C0A95717}.Edge.BI|Mixed Platforms.ActiveCfg = Debug|Any CPU
		{C73E557C-2B70-4040-9FA5-5AA2C0A95717}.Edge.BI|Mixed Platforms.Build.0 = Debug|Any CPU
		{C73E557C-2B70-4040-9FA5-5AA2C0A95717}.Edge.BI|x86.ActiveCfg = Debug|Any CPU
		{C73E557C-2B70-4040-9FA5-5AA2C0A95717}.Seperia|Any CPU.ActiveCfg = Release|Any CPU
		{C73E557C-2B70-4040-9FA5-5AA2C0A95717}.Seperia|Any CPU.Build.0 = Release|Any CPU
		{C73E557C-2B70-4040-9FA5-5AA2C0A95717}.Seperia|Mixed Platforms.ActiveCfg = Release|Any CPU
		{C73E557C-2B70-4040-9FA5-5AA2C0A95717}.Seperia|Mixed Platforms.Build.0 = Release|Any CPU
		{C73E557C-2B70-4040-9FA5-5AA2C0A95717}.Seperia|x86.ActiveCfg = Release|Any CPU
		{DFC1976B-10A9-4E74-8C61-48FA5732766E}.Edge.BI|Any CPU.ActiveCfg = Release|Any CPU
		{DFC1976B-10A9-4E74-8C61-48FA5732766E}.Edge.BI|Any CPU.Build.0 = Release|Any CPU
		{DFC1976B-10A9-4E74-8C61-48FA5732766E}.Edge.BI|Mixed Platforms.ActiveCfg = Debug|Any CPU
		{DFC1976B-10A9-4E74-8C61-48FA5732766E}.Edge.BI|Mixed Platforms.Build.0 = Debug|Any CPU
		{DFC1976B-10A9-4E74-8C61-48FA5732766E}.Edge.BI|x86.ActiveCfg = Debug|Any CPU
		{DFC1976B-10A9-4E74-8C61-48FA5732766E}.Seperia|Any CPU.ActiveCfg = Release|Any CPU
		{DFC1976B-10A9-4E74-8C61-48FA5732766E}.Seperia|Any CPU.Build.0 = Release|Any CPU
		{DFC1976B-10A9-4E74-8C61-48FA5732766E}.Seperia|Mixed Platforms.ActiveCfg = Release|Any CPU
		{DFC1976B-10A9-4E74-8C61-48FA5732766E}.Seperia|Mixed Platforms.Build.0 = Release|Any CPU
		{DFC1976B-10A9-4E74-8C61-48FA5732766E}.Seperia|x86.ActiveCfg = Release|Any CPU
		{2AAA976A-3BE0-4A44-9A74-6406C02E1BB8}.Edge.BI|Any CPU.ActiveCfg = Release|Any CPU
		{2AAA976A-3BE0-4A44-9A74-6406C02E1BB8}.Edge.BI|Any CPU.Build.0 = Release|Any CPU
		{2AAA976A-3BE0-4A44-9A74-6406C02E1BB8}.Edge.BI|Mixed Platforms.ActiveCfg = Debug|Any CPU
		{2AAA976A-3BE0-4A44-9A74-6406C02E1BB8}.Edge.BI|Mixed Platforms.Build.0 = Debug|Any CPU
		{2AAA976A-3BE0-4A44-9A74-6406C02E1BB8}.Edge.BI|x86.ActiveCfg = Debug|Any CPU
		{2AAA976A-3BE0-4A44-9A74-6406C02E1BB8}.Seperia|Any CPU.ActiveCfg = Release|Any CPU
		{2AAA976A-3BE0-4A44-9A74-6406C02E1BB8}.Seperia|Any CPU.Build.0 = Release|Any CPU
		{2AAA976A-3BE0-4A44-9A74-6406C02E1BB8}.Seperia|Mixed Platforms.ActiveCfg = Release|Any CPU
		{2AAA976A-3BE0-4A44-9A74-6406C02E1BB8}.Seperia|Mixed Platforms.Build.0 = Release|Any CPU
		{2AAA976A-3BE0-4A44-9A74-6406C02E1BB8}.Seperia|x86.ActiveCfg = Release|Any CPU
		{632805D5-EF7D-4741-B161-6693EC75938B}.Edge.BI|Any CPU.ActiveCfg = Release|Any CPU
		{632805D5-EF7D-4741-B161-6693EC75938B}.Edge.BI|Any CPU.Build.0 = Release|Any CPU
		{632805D5-EF7D-4741-B161-6693EC75938B}.Edge.BI|Mixed Platforms.ActiveCfg = Debug|Any CPU
		{632805D5-EF7D-4741-B161-6693EC75938B}.Edge.BI|Mixed Platforms.Build.0 = Debug|Any CPU
		{632805D5-EF7D-4741-B161-6693EC75938B}.Edge.BI|x86.ActiveCfg = Debug|Any CPU
		{632805D5-EF7D-4741-B161-6693EC75938B}.Seperia|Any CPU.ActiveCfg = Release|Any CPU
		{632805D5-EF7D-4741-B161-6693EC75938B}.Seperia|Any CPU.Build.0 = Release|Any CPU
		{632805D5-EF7D-4741-B161-6693EC75938B}.Seperia|Mixed Platforms.ActiveCfg = Release|Any CPU
		{632805D5-EF7D-4741-B161-6693EC75938B}.Seperia|Mixed Platforms.Build.0 = Release|Any CPU
		{632805D5-EF7D-4741-B161-6693EC75938B}.Seperia|x86.ActiveCfg = Release|Any CPU
		{C6504C8B-C482-41B9-BC6E-BEF92AF9D6FE}.Edge.BI|Any CPU.ActiveCfg = Release|Any CPU
		{C6504C8B-C482-41B9-BC6E-BEF92AF9D6FE}.Edge.BI|Any CPU.Build.0 = Release|Any CPU
		{C6504C8B-C482-41B9-BC6E-BEF92AF9D6FE}.Edge.BI|Mixed Platforms.ActiveCfg = Debug|Any CPU
		{C6504C8B-C482-41B9-BC6E-BEF92AF9D6FE}.Edge.BI|Mixed Platforms.Build.0 = Debug|Any CPU
		{C6504C8B-C482-41B9-BC6E-BEF92AF9D6FE}.Edge.BI|x86.ActiveCfg = Debug|Any CPU
		{C6504C8B-C482-41B9-BC6E-BEF92AF9D6FE}.Seperia|Any CPU.ActiveCfg = Release|Any CPU
		{C6504C8B-C482-41B9-BC6E-BEF92AF9D6FE}.Seperia|Any CPU.Build.0 = Release|Any CPU
		{C6504C8B-C482-41B9-BC6E-BEF92AF9D6FE}.Seperia|Mixed Platforms.ActiveCfg = Release|Any CPU
		{C6504C8B-C482-41B9-BC6E-BEF92AF9D6FE}.Seperia|Mixed Platforms.Build.0 = Release|Any CPU
		{C6504C8B-C482-41B9-BC6E-BEF92AF9D6FE}.Seperia|x86.ActiveCfg = Release|Any CPU
	EndGlobalSection
	GlobalSection(SolutionProperties) = preSolution
		HideSolutionNode = FALSE
	EndGlobalSection
	GlobalSection(NestedProjects) = preSolution
		{36B6740D-938E-4994-9A0D-2DCB94D032B6} = {375B1764-4780-4C6C-BB0D-23F51FAA04FB}
		{0CA66633-F417-4724-9FC5-5F8C6E1D72B5} = {375B1764-4780-4C6C-BB0D-23F51FAA04FB}
		{90C8D5F3-B580-41C4-9567-E06B14772D24} = {375B1764-4780-4C6C-BB0D-23F51FAA04FB}
		{7CBBE059-4A66-4DFF-81C7-EDA1D7094218} = {375B1764-4780-4C6C-BB0D-23F51FAA04FB}
		{E87CD0B6-873B-43D2-88DB-BC2D7C56F09E} = {375B1764-4780-4C6C-BB0D-23F51FAA04FB}
		{C73E557C-2B70-4040-9FA5-5AA2C0A95717} = {375B1764-4780-4C6C-BB0D-23F51FAA04FB}
		{DFC1976B-10A9-4E74-8C61-48FA5732766E} = {375B1764-4780-4C6C-BB0D-23F51FAA04FB}
		{2AAA976A-3BE0-4A44-9A74-6406C02E1BB8} = {375B1764-4780-4C6C-BB0D-23F51FAA04FB}
		{632805D5-EF7D-4741-B161-6693EC75938B} = {375B1764-4780-4C6C-BB0D-23F51FAA04FB}
		{C6504C8B-C482-41B9-BC6E-BEF92AF9D6FE} = {375B1764-4780-4C6C-BB0D-23F51FAA04FB}
		{E700E7AA-08B7-44C3-8889-ACB4FAF92C90} = {F9074B4D-5197-40BF-85B6-B498740C818B}
		{AD4B53AD-B28A-4E90-9483-D2F7C8E6D436} = {F9074B4D-5197-40BF-85B6-B498740C818B}
		{53391A99-E8CA-4262-A8E0-5F05A1CC6608} = {F9074B4D-5197-40BF-85B6-B498740C818B}
	EndGlobalSection
EndGlobal
